
Microsoft Visual Studio Solution File, Format Version 12.00
Project("{FAE04EC0-301F-11D3-BF4B-00C04F79EFBC}") = "Project1mHSE", "Project1mHSE\Project1mHSE.csproj", "{704E286D-1DEB-4DBF-82F2-D6466580C2DE}"
EndProject
Global
	GlobalSection(SolutionConfigurationPlatforms) = preSolution
		Debug|Any CPU = Debug|Any CPU
		Release|Any CPU = Release|Any CPU
	EndGlobalSection
	GlobalSection(ProjectConfigurationPlatforms) = postSolution
		{704E286D-1DEB-4DBF-82F2-D6466580C2DE}.Debug|Any CPU.ActiveCfg = Debug|Any CPU
		{704E286D-1DEB-4DBF-82F2-D6466580C2DE}.Debug|Any CPU.Build.0 = Debug|Any CPU
		{704E286D-1DEB-4DBF-82F2-D6466580C2DE}.Release|Any CPU.ActiveCfg = Release|Any CPU
		{704E286D-1DEB-4DBF-82F2-D6466580C2DE}.Release|Any CPU.Build.0 = Release|Any CPU
	EndGlobalSection
EndGlobal
